
Microsoft Visual Studio Solution File, Format Version 12.00
# Visual Studio Version 17
VisualStudioVersion = 17.3.32929.385
MinimumVisualStudioVersion = 10.0.40219.1
Project("{9A19103F-16F7-4668-BE54-9A1E7A4F7556}") = "ProductStorage.DAL", "ProductStorage.DAL\ProductStorage.DAL.csproj", "{6FF42A49-58B0-42CD-93EF-CB7B15A9B7AD}"
EndProject
Project("{9A19103F-16F7-4668-BE54-9A1E7A4F7556}") = "ProductStorage.Service", "ProductStorage.Service\ProductStorage.Service.csproj", "{CFDE16FF-83A1-4D08-AA7E-E0B454DEB2EA}"
EndProject
Project("{9A19103F-16F7-4668-BE54-9A1E7A4F7556}") = "ProductStorage_WebApi", "ProductStorage_WebApi\ProductStorage_WebApi.csproj", "{4FA4CBC7-C48C-42E6-8D60-70E7546CB6BC}"
EndProject
Project("{2150E333-8FDC-42A3-9474-1A3956D46DE8}") = "ConsoleOutput", "ConsoleOutput", "{EEF5DBF9-4C7D-4A11-8A88-20380ACD9EB3}"
EndProject
Project("{9A19103F-16F7-4668-BE54-9A1E7A4F7556}") = "ConsoleOutput_WebApi", "ConsoleOutput_WebApi\ConsoleOutput_WebApi.csproj", "{ED91BB51-C201-49ED-821D-FE0BAB8E5507}"
EndProject
Project("{2150E333-8FDC-42A3-9474-1A3956D46DE8}") = "html", "html", "{91F88C46-D1B3-4373-8D2C-23A68AE6E677}"
	ProjectSection(SolutionItems) = preProject
		index.html = index.html
	EndProjectSection
EndProject
Project("{FAE04EC0-301F-11D3-BF4B-00C04F79EFBC}") = "ProductStorage.Tests", "ProductStorage.Tests\ProductStorage.Tests.csproj", "{8F4CCB84-C0E3-444C-B810-CE118A2E925B}"
EndProject
Global
	GlobalSection(SolutionConfigurationPlatforms) = preSolution
		Debug|Any CPU = Debug|Any CPU
		Release|Any CPU = Release|Any CPU
	EndGlobalSection
	GlobalSection(ProjectConfigurationPlatforms) = postSolution
		{6FF42A49-58B0-42CD-93EF-CB7B15A9B7AD}.Debug|Any CPU.ActiveCfg = Debug|Any CPU
		{6FF42A49-58B0-42CD-93EF-CB7B15A9B7AD}.Debug|Any CPU.Build.0 = Debug|Any CPU
		{6FF42A49-58B0-42CD-93EF-CB7B15A9B7AD}.Release|Any CPU.ActiveCfg = Release|Any CPU
		{6FF42A49-58B0-42CD-93EF-CB7B15A9B7AD}.Release|Any CPU.Build.0 = Release|Any CPU
		{CFDE16FF-83A1-4D08-AA7E-E0B454DEB2EA}.Debug|Any CPU.ActiveCfg = Debug|Any CPU
		{CFDE16FF-83A1-4D08-AA7E-E0B454DEB2EA}.Debug|Any CPU.Build.0 = Debug|Any CPU
		{CFDE16FF-83A1-4D08-AA7E-E0B454DEB2EA}.Release|Any CPU.ActiveCfg = Release|Any CPU
		{CFDE16FF-83A1-4D08-AA7E-E0B454DEB2EA}.Release|Any CPU.Build.0 = Release|Any CPU
		{4FA4CBC7-C48C-42E6-8D60-70E7546CB6BC}.Debug|Any CPU.ActiveCfg = Debug|Any CPU
		{4FA4CBC7-C48C-42E6-8D60-70E7546CB6BC}.Debug|Any CPU.Build.0 = Debug|Any CPU
		{4FA4CBC7-C48C-42E6-8D60-70E7546CB6BC}.Release|Any CPU.ActiveCfg = Release|Any CPU
		{4FA4CBC7-C48C-42E6-8D60-70E7546CB6BC}.Release|Any CPU.Build.0 = Release|Any CPU
		{ED91BB51-C201-49ED-821D-FE0BAB8E5507}.Debug|Any CPU.ActiveCfg = Debug|Any CPU
		{ED91BB51-C201-49ED-821D-FE0BAB8E5507}.Debug|Any CPU.Build.0 = Debug|Any CPU
		{ED91BB51-C201-49ED-821D-FE0BAB8E5507}.Release|Any CPU.ActiveCfg = Release|Any CPU
		{ED91BB51-C201-49ED-821D-FE0BAB8E5507}.Release|Any CPU.Build.0 = Release|Any CPU
		{8F4CCB84-C0E3-444C-B810-CE118A2E925B}.Debug|Any CPU.ActiveCfg = Debug|Any CPU
		{8F4CCB84-C0E3-444C-B810-CE118A2E925B}.Debug|Any CPU.Build.0 = Debug|Any CPU
		{8F4CCB84-C0E3-444C-B810-CE118A2E925B}.Release|Any CPU.ActiveCfg = Release|Any CPU
		{8F4CCB84-C0E3-444C-B810-CE118A2E925B}.Release|Any CPU.Build.0 = Release|Any CPU
	EndGlobalSection
	GlobalSection(SolutionProperties) = preSolution
		HideSolutionNode = FALSE
	EndGlobalSection
	GlobalSection(NestedProjects) = preSolution
		{ED91BB51-C201-49ED-821D-FE0BAB8E5507} = {EEF5DBF9-4C7D-4A11-8A88-20380ACD9EB3}
	EndGlobalSection
	GlobalSection(ExtensibilityGlobals) = postSolution
		SolutionGuid = {E42D5B4D-4D1D-4223-AF57-9BA2B4FA119C}
	EndGlobalSection
EndGlobal
